
Microsoft Visual Studio Solution File, Format Version 12.00
# Visual Studio Version 16
VisualStudioVersion = 16.0.30621.155
MinimumVisualStudioVersion = 10.0.40219.1
Project("{FAE04EC0-301F-11D3-BF4B-00C04F79EFBC}") = "BooleanExpression", "BooleanExpression.csproj", "{F3448A20-61F5-43F1-9BFF-9A7536A0549D}"
EndProject
Global
	GlobalSection(SolutionConfigurationPlatforms) = preSolution
		Debug|Any CPU = Debug|Any CPU
		Release|Any CPU = Release|Any CPU
	EndGlobalSection
	GlobalSection(ProjectConfigurationPlatforms) = postSolution
		{F3448A20-61F5-43F1-9BFF-9A7536A0549D}.Debug|Any CPU.ActiveCfg = Debug|Any CPU
		{F3448A20-61F5-43F1-9BFF-9A7536A0549D}.Debug|Any CPU.Build.0 = Debug|Any CPU
		{F3448A20-61F5-43F1-9BFF-9A7536A0549D}.Release|Any CPU.ActiveCfg = Release|Any CPU
		{F3448A20-61F5-43F1-9BFF-9A7536A0549D}.Release|Any CPU.Build.0 = Release|Any CPU
	EndGlobalSection
	GlobalSection(SolutionProperties) = preSolution
		HideSolutionNode = FALSE
	EndGlobalSection
	GlobalSection(ExtensibilityGlobals) = postSolution
		SolutionGuid = {351F6C03-D01D-4CA3-9E2D-1231F3BB85D8}
	EndGlobalSection
EndGlobal
