
Microsoft Visual Studio Solution File, Format Version 12.00
# Visual Studio Version 16
VisualStudioVersion = 16.0.30611.23
MinimumVisualStudioVersion = 10.0.40219.1
Project("{FAE04EC0-301F-11D3-BF4B-00C04F79EFBC}") = "WEEK1", "WEEK1.csproj", "{D5EE3971-EFA9-4631-8E5E-132F8BFAD98E}"
EndProject
Project("{2150E333-8FDC-42A3-9474-1A3956D46DE8}") = "Docs", "Docs", "{E898C3D3-FA38-43E6-9402-981829E20CEF}"
	ProjectSection(SolutionItems) = preProject
		..\..\..\..\Downloads\Installation Of Git Hub Components In Visual Studio 2019.docx = ..\..\..\..\Downloads\Installation Of Git Hub Components In Visual Studio 2019.docx
	EndProjectSection
EndProject
Global
	GlobalSection(SolutionConfigurationPlatforms) = preSolution
		Debug|Any CPU = Debug|Any CPU
		Release|Any CPU = Release|Any CPU
	EndGlobalSection
	GlobalSection(ProjectConfigurationPlatforms) = postSolution
		{D5EE3971-EFA9-4631-8E5E-132F8BFAD98E}.Debug|Any CPU.ActiveCfg = Debug|Any CPU
		{D5EE3971-EFA9-4631-8E5E-132F8BFAD98E}.Debug|Any CPU.Build.0 = Debug|Any CPU
		{D5EE3971-EFA9-4631-8E5E-132F8BFAD98E}.Release|Any CPU.ActiveCfg = Release|Any CPU
		{D5EE3971-EFA9-4631-8E5E-132F8BFAD98E}.Release|Any CPU.Build.0 = Release|Any CPU
	EndGlobalSection
	GlobalSection(SolutionProperties) = preSolution
		HideSolutionNode = FALSE
	EndGlobalSection
	GlobalSection(ExtensibilityGlobals) = postSolution
		SolutionGuid = {64EABF11-6846-43EE-838D-53706F421012}
	EndGlobalSection
EndGlobal
