
Microsoft Visual Studio Solution File, Format Version 12.00
# Visual Studio Version 16
VisualStudioVersion = 16.0.30611.23
MinimumVisualStudioVersion = 10.0.40219.1
Project("{FAE04EC0-301F-11D3-BF4B-00C04F79EFBC}") = "Base10ToBase8", "Base10ToBase8.csproj", "{7D8D3601-92B5-4F9F-827C-D1967E0DF4CF}"
EndProject
Global
	GlobalSection(SolutionConfigurationPlatforms) = preSolution
		Debug|Any CPU = Debug|Any CPU
		Release|Any CPU = Release|Any CPU
	EndGlobalSection
	GlobalSection(ProjectConfigurationPlatforms) = postSolution
		{7D8D3601-92B5-4F9F-827C-D1967E0DF4CF}.Debug|Any CPU.ActiveCfg = Debug|Any CPU
		{7D8D3601-92B5-4F9F-827C-D1967E0DF4CF}.Debug|Any CPU.Build.0 = Debug|Any CPU
		{7D8D3601-92B5-4F9F-827C-D1967E0DF4CF}.Release|Any CPU.ActiveCfg = Release|Any CPU
		{7D8D3601-92B5-4F9F-827C-D1967E0DF4CF}.Release|Any CPU.Build.0 = Release|Any CPU
	EndGlobalSection
	GlobalSection(SolutionProperties) = preSolution
		HideSolutionNode = FALSE
	EndGlobalSection
	GlobalSection(ExtensibilityGlobals) = postSolution
		SolutionGuid = {49F3CFED-DA41-47A4-98F1-C1B5F6C6FB8B}
	EndGlobalSection
EndGlobal
